
Microsoft Visual Studio Solution File, Format Version 12.00
# Visual Studio Version 17
VisualStudioVersion = 17.14.36221.1
MinimumVisualStudioVersion = 10.0.40219.1
Project("{F2A71F9B-5D33-465A-A702-920D77279786}") = "Dina.Web.JQueryTerminal", "Dina.Web.JQueryTerminal\Dina.Web.JQueryTerminal.fsproj", "{E4509B30-1F58-0972-90E2-531C32A7672C}"
EndProject
Project("{F2A71F9B-5D33-465A-A702-920D77279786}") = "Dina.Web.App", "Dina.Web.App\Dina.Web.App.fsproj", "{46760437-28D4-602E-A79E-E7A12F62E6D2}"
EndProject
Project("{F2A71F9B-5D33-465A-A702-920D77279786}") = "Dina.Web.BotLibre", "Dina.Web.BotLibre\Dina.Web.BotLibre.fsproj", "{1D0753E5-E7A2-B5E0-372A-F5FFE004A77B}"
EndProject
Project("{F2A71F9B-5D33-465A-A702-920D77279786}") = "Dina.Web.WebSpeech", "Dina.Web.WebSpeech\Dina.Web.WebSpeech.fsproj", "{90B92A11-0128-3BF3-0096-004D330030D6}"
EndProject
Project("{F2A71F9B-5D33-465A-A702-920D77279786}") = "Dina.Web.WebAudio", "Dina.Web.WebAudio\Dina.Web.WebAudio.fsproj", "{47419CE1-7F07-6696-CBDA-B1359B6B05FE}"
EndProject
Project("{F2A71F9B-5D33-465A-A702-920D77279786}") = "Dina.Web.JQuery", "Dina.Web.JQuery\Dina.Web.JQuery.fsproj", "{F7156190-2F35-1236-782C-124D833F63DF}"
EndProject
Project("{FAE04EC0-301F-11D3-BF4B-00C04F79EFBC}") = "Dina.Core.Understanding", "Dina.Core.Understanding\Dina.Core.Understanding.csproj", "{34EC76D7-C2F1-43B8-BBD8-A948372322BD}"
EndProject
Project("{FAE04EC0-301F-11D3-BF4B-00C04F79EFBC}") = "Dina.Base", "Dina.Base\Dina.Base.csproj", "{224247AD-FF15-4934-8CCF-E5B5D082F6C9}"
EndProject
Project("{2150E333-8FDC-42A3-9474-1A3956D46DE8}") = "Tests", "Tests", "{02EA681E-C7D8-13C7-8484-4AC65E1B71E8}"
EndProject
Project("{FAE04EC0-301F-11D3-BF4B-00C04F79EFBC}") = "Dina.Tests.Understanding", "..\tests\Dina.Tests.Understanding\Dina.Tests.Understanding.csproj", "{2123D6C5-63B7-4D9F-B26C-EABB243763D9}"
EndProject
Project("{2150E333-8FDC-42A3-9474-1A3956D46DE8}") = "Interface", "Interface", "{1C137942-1894-4418-A482-41BEACFE0631}"
EndProject
Project("{2150E333-8FDC-42A3-9474-1A3956D46DE8}") = "Core", "Core", "{C8D9803A-994B-4D34-AFB5-099398074E9C}"
EndProject
Project("{FAE04EC0-301F-11D3-BF4B-00C04F79EFBC}") = "Dina.Core.Speech", "Dina.Core.Speech\Dina.Core.Speech.csproj", "{8A0B5DD4-818F-4098-820A-937FB8B1E646}"
EndProject
Project("{FAE04EC0-301F-11D3-BF4B-00C04F79EFBC}") = "Dina.Core.Vision", "Dina.Core.Vision\Dina.Core.Vision.csproj", "{A2AA37BD-D3AA-40CE-AFF6-10DAA6FC08C5}"
EndProject
Project("{FAE04EC0-301F-11D3-BF4B-00C04F79EFBC}") = "Dina.Tests.Vision", "..\tests\Dina.Tests.Vision\Dina.Tests.Vision.csproj", "{088C9729-14FE-4F41-B6A3-0C3C6792C6BB}"
EndProject
Project("{2150E333-8FDC-42A3-9474-1A3956D46DE8}") = "Docs", "Docs", "{7D62759A-AB42-4074-94F1-D5E676B092D1}"
	ProjectSection(SolutionItems) = preProject
		..\.gitignore = ..\.gitignore
	EndProjectSection
EndProject
Global
	GlobalSection(SolutionConfigurationPlatforms) = preSolution
		Debug|Any CPU = Debug|Any CPU
		Release|Any CPU = Release|Any CPU
	EndGlobalSection
	GlobalSection(ProjectConfigurationPlatforms) = postSolution
		{E4509B30-1F58-0972-90E2-531C32A7672C}.Debug|Any CPU.ActiveCfg = Debug|Any CPU
		{E4509B30-1F58-0972-90E2-531C32A7672C}.Debug|Any CPU.Build.0 = Debug|Any CPU
		{E4509B30-1F58-0972-90E2-531C32A7672C}.Release|Any CPU.ActiveCfg = Release|Any CPU
		{E4509B30-1F58-0972-90E2-531C32A7672C}.Release|Any CPU.Build.0 = Release|Any CPU
		{46760437-28D4-602E-A79E-E7A12F62E6D2}.Debug|Any CPU.ActiveCfg = Debug|Any CPU
		{46760437-28D4-602E-A79E-E7A12F62E6D2}.Debug|Any CPU.Build.0 = Debug|Any CPU
		{46760437-28D4-602E-A79E-E7A12F62E6D2}.Release|Any CPU.ActiveCfg = Release|Any CPU
		{46760437-28D4-602E-A79E-E7A12F62E6D2}.Release|Any CPU.Build.0 = Release|Any CPU
		{1D0753E5-E7A2-B5E0-372A-F5FFE004A77B}.Debug|Any CPU.ActiveCfg = Debug|Any CPU
		{1D0753E5-E7A2-B5E0-372A-F5FFE004A77B}.Debug|Any CPU.Build.0 = Debug|Any CPU
		{1D0753E5-E7A2-B5E0-372A-F5FFE004A77B}.Release|Any CPU.ActiveCfg = Release|Any CPU
		{1D0753E5-E7A2-B5E0-372A-F5FFE004A77B}.Release|Any CPU.Build.0 = Release|Any CPU
		{90B92A11-0128-3BF3-0096-004D330030D6}.Debug|Any CPU.ActiveCfg = Debug|Any CPU
		{90B92A11-0128-3BF3-0096-004D330030D6}.Debug|Any CPU.Build.0 = Debug|Any CPU
		{90B92A11-0128-3BF3-0096-004D330030D6}.Release|Any CPU.ActiveCfg = Release|Any CPU
		{90B92A11-0128-3BF3-0096-004D330030D6}.Release|Any CPU.Build.0 = Release|Any CPU
		{47419CE1-7F07-6696-CBDA-B1359B6B05FE}.Debug|Any CPU.ActiveCfg = Debug|Any CPU
		{47419CE1-7F07-6696-CBDA-B1359B6B05FE}.Debug|Any CPU.Build.0 = Debug|Any CPU
		{47419CE1-7F07-6696-CBDA-B1359B6B05FE}.Release|Any CPU.ActiveCfg = Release|Any CPU
		{47419CE1-7F07-6696-CBDA-B1359B6B05FE}.Release|Any CPU.Build.0 = Release|Any CPU
		{F7156190-2F35-1236-782C-124D833F63DF}.Debug|Any CPU.ActiveCfg = Debug|Any CPU
		{F7156190-2F35-1236-782C-124D833F63DF}.Debug|Any CPU.Build.0 = Debug|Any CPU
		{F7156190-2F35-1236-782C-124D833F63DF}.Release|Any CPU.ActiveCfg = Release|Any CPU
		{F7156190-2F35-1236-782C-124D833F63DF}.Release|Any CPU.Build.0 = Release|Any CPU
		{34EC76D7-C2F1-43B8-BBD8-A948372322BD}.Debug|Any CPU.ActiveCfg = Debug|Any CPU
		{34EC76D7-C2F1-43B8-BBD8-A948372322BD}.Debug|Any CPU.Build.0 = Debug|Any CPU
		{34EC76D7-C2F1-43B8-BBD8-A948372322BD}.Release|Any CPU.ActiveCfg = Release|Any CPU
		{34EC76D7-C2F1-43B8-BBD8-A948372322BD}.Release|Any CPU.Build.0 = Release|Any CPU
		{224247AD-FF15-4934-8CCF-E5B5D082F6C9}.Debug|Any CPU.ActiveCfg = Debug|Any CPU
		{224247AD-FF15-4934-8CCF-E5B5D082F6C9}.Debug|Any CPU.Build.0 = Debug|Any CPU
		{224247AD-FF15-4934-8CCF-E5B5D082F6C9}.Release|Any CPU.ActiveCfg = Release|Any CPU
		{224247AD-FF15-4934-8CCF-E5B5D082F6C9}.Release|Any CPU.Build.0 = Release|Any CPU
		{2123D6C5-63B7-4D9F-B26C-EABB243763D9}.Debug|Any CPU.ActiveCfg = Debug|Any CPU
		{2123D6C5-63B7-4D9F-B26C-EABB243763D9}.Debug|Any CPU.Build.0 = Debug|Any CPU
		{2123D6C5-63B7-4D9F-B26C-EABB243763D9}.Release|Any CPU.ActiveCfg = Release|Any CPU
		{2123D6C5-63B7-4D9F-B26C-EABB243763D9}.Release|Any CPU.Build.0 = Release|Any CPU
		{8A0B5DD4-818F-4098-820A-937FB8B1E646}.Debug|Any CPU.ActiveCfg = Debug|Any CPU
		{8A0B5DD4-818F-4098-820A-937FB8B1E646}.Debug|Any CPU.Build.0 = Debug|Any CPU
		{8A0B5DD4-818F-4098-820A-937FB8B1E646}.Release|Any CPU.ActiveCfg = Release|Any CPU
		{8A0B5DD4-818F-4098-820A-937FB8B1E646}.Release|Any CPU.Build.0 = Release|Any CPU
		{A2AA37BD-D3AA-40CE-AFF6-10DAA6FC08C5}.Debug|Any CPU.ActiveCfg = Debug|Any CPU
		{A2AA37BD-D3AA-40CE-AFF6-10DAA6FC08C5}.Debug|Any CPU.Build.0 = Debug|Any CPU
		{A2AA37BD-D3AA-40CE-AFF6-10DAA6FC08C5}.Release|Any CPU.ActiveCfg = Release|Any CPU
		{A2AA37BD-D3AA-40CE-AFF6-10DAA6FC08C5}.Release|Any CPU.Build.0 = Release|Any CPU
		{088C9729-14FE-4F41-B6A3-0C3C6792C6BB}.Debug|Any CPU.ActiveCfg = Debug|Any CPU
		{088C9729-14FE-4F41-B6A3-0C3C6792C6BB}.Debug|Any CPU.Build.0 = Debug|Any CPU
		{088C9729-14FE-4F41-B6A3-0C3C6792C6BB}.Release|Any CPU.ActiveCfg = Release|Any CPU
		{088C9729-14FE-4F41-B6A3-0C3C6792C6BB}.Release|Any CPU.Build.0 = Release|Any CPU
	EndGlobalSection
	GlobalSection(SolutionProperties) = preSolution
		HideSolutionNode = FALSE
	EndGlobalSection
	GlobalSection(NestedProjects) = preSolution
		{E4509B30-1F58-0972-90E2-531C32A7672C} = {1C137942-1894-4418-A482-41BEACFE0631}
		{46760437-28D4-602E-A79E-E7A12F62E6D2} = {1C137942-1894-4418-A482-41BEACFE0631}
		{1D0753E5-E7A2-B5E0-372A-F5FFE004A77B} = {1C137942-1894-4418-A482-41BEACFE0631}
		{90B92A11-0128-3BF3-0096-004D330030D6} = {1C137942-1894-4418-A482-41BEACFE0631}
		{47419CE1-7F07-6696-CBDA-B1359B6B05FE} = {1C137942-1894-4418-A482-41BEACFE0631}
		{F7156190-2F35-1236-782C-124D833F63DF} = {1C137942-1894-4418-A482-41BEACFE0631}
		{34EC76D7-C2F1-43B8-BBD8-A948372322BD} = {C8D9803A-994B-4D34-AFB5-099398074E9C}
		{224247AD-FF15-4934-8CCF-E5B5D082F6C9} = {C8D9803A-994B-4D34-AFB5-099398074E9C}
		{2123D6C5-63B7-4D9F-B26C-EABB243763D9} = {02EA681E-C7D8-13C7-8484-4AC65E1B71E8}
		{8A0B5DD4-818F-4098-820A-937FB8B1E646} = {C8D9803A-994B-4D34-AFB5-099398074E9C}
		{A2AA37BD-D3AA-40CE-AFF6-10DAA6FC08C5} = {C8D9803A-994B-4D34-AFB5-099398074E9C}
		{088C9729-14FE-4F41-B6A3-0C3C6792C6BB} = {02EA681E-C7D8-13C7-8484-4AC65E1B71E8}
	EndGlobalSection
	GlobalSection(ExtensibilityGlobals) = postSolution
		SolutionGuid = {84D029BC-6506-4F9B-BE98-6BCD8566C01C}
	EndGlobalSection
EndGlobal
